// !$*UTF8*$!
{
	archiveVersion = 1;
	classes = {
	};
	objectVersion = 50;
	objects = {

/* Begin PBXBuildFile section */
		F019142421EC9C2B00F43E1D /* AppDelegate.swift in Sources */ = {isa = PBXBuildFile; fileRef = F019142321EC9C2B00F43E1D /* AppDelegate.swift */; };
		F019142621EC9C2B00F43E1D /* ViewController.swift in Sources */ = {isa = PBXBuildFile; fileRef = F019142521EC9C2B00F43E1D /* ViewController.swift */; };
		F019142921EC9C2B00F43E1D /* Main.storyboard in Resources */ = {isa = PBXBuildFile; fileRef = F019142721EC9C2B00F43E1D /* Main.storyboard */; };
		F019142B21EC9C2F00F43E1D /* Assets.xcassets in Resources */ = {isa = PBXBuildFile; fileRef = F019142A21EC9C2F00F43E1D /* Assets.xcassets */; };
		F019142E21EC9C2F00F43E1D /* LaunchScreen.storyboard in Resources */ = {isa = PBXBuildFile; fileRef = F019142C21EC9C2F00F43E1D /* LaunchScreen.storyboard */; };
		F019143621EC9CD700F43E1D /* ViewController2.swift in Sources */ = {isa = PBXBuildFile; fileRef = F019143521EC9CD700F43E1D /* ViewController2.swift */; };
/* End PBXBuildFile section */

/* Begin PBXFileReference section */
		F019142021EC9C2B00F43E1D /* borooorororo.app */ = {isa = PBXFileReference; explicitFileType = wrapper.application; includeInIndex = 0; path = borooorororo.app; sourceTree = BUILT_PRODUCTS_DIR; };
		F019142321EC9C2B00F43E1D /* AppDelegate.swift */ = {isa = PBXFileReference; lastKnownFileType = sourcecode.swift; path = AppDelegate.swift; sourceTree = "<group>"; };
		F019142521EC9C2B00F43E1D /* ViewController.swift */ = {isa = PBXFileReference; lastKnownFileType = sourcecode.swift; path = ViewController.swift; sourceTree = "<group>"; };
		F019142821EC9C2B00F43E1D /* Base */ = {isa = PBXFileReference; lastKnownFileType = file.storyboard; name = Base; path = Base.lproj/Main.storyboard; sourceTree = "<group>"; };
		F019142A21EC9C2F00F43E1D /* Assets.xcassets */ = {isa = PBXFileReference; lastKnownFileType = folder.assetcatalog; path = Assets.xcassets; sourceTree = "<group>"; };
		F019142D21EC9C2F00F43E1D /* Base */ = {isa = PBXFileReference; lastKnownFileType = file.storyboard; name = Base; path = Base.lproj/LaunchScreen.storyboard; sourceTree = "<group>"; };
		F019142F21EC9C2F00F43E1D /* Info.plist */ = {isa = PBXFileReference; lastKnownFileType = text.plist.xml; path = Info.plist; sourceTree = "<group>"; };
		F019143521EC9CD700F43E1D /* ViewController2.swift */ = {isa = PBXFileReference; lastKnownFileType = sourcecode.swift; path = ViewController2.swift; sourceTree = "<group>"; };
/* End PBXFileReference section */

/* Begin PBXFrameworksBuildPhase section */
		F019141D21EC9C2B00F43E1D /* Frameworks */ = {
			isa = PBXFrameworksBuildPhase;
			buildActionMask = 2147483647;
			files = (
			);
			runOnlyForDeploymentPostprocessing = 0;
		};
/* End PBXFrameworksBuildPhase section */

/* Begin PBXGroup section */
		F019141721EC9C2A00F43E1D = {
			isa = PBXGroup;
			children = (
				F019142221EC9C2B00F43E1D /* borooorororo */,
				F019142121EC9C2B00F43E1D /* Products */,
			);
			sourceTree = "<group>";
		};
		F019142121EC9C2B00F43E1D /* Products */ = {
			isa = PBXGroup;
			children = (
				F019142021EC9C2B00F43E1D /* borooorororo.app */,
			);
			name = Products;
			sourceTree = "<group>";
		};
		F019142221EC9C2B00F43E1D /* borooorororo */ = {
			isa = PBXGroup;
			children = (
				F019142321EC9C2B00F43E1D /* AppDelegate.swift */,
				F019143521EC9CD700F43E1D /* ViewController2.swift */,
				F019142521EC9C2B00F43E1D /* ViewController.swift */,
				F019142721EC9C2B00F43E1D /* Main.storyboard */,
				F019142A21EC9C2F00F43E1D /* Assets.xcassets */,
				F019142C21EC9C2F00F43E1D /* LaunchScreen.storyboard */,
				F019142F21EC9C2F00F43E1D /* Info.plist */,
			);
			path = borooorororo;
			sourceTree = "<group>";
		};
/* End PBXGroup section */

/* Begin PBXNativeTarget section */
		F019141F21EC9C2B00F43E1D /* borooorororo */ = {
			isa = PBXNativeTarget;
			buildConfigurationList = F019143221EC9C2F00F43E1D /* Build configuration list for PBXNativeTarget "borooorororo" */;
			buildPhases = (
				F019141C21EC9C2B00F43E1D /* Sources */,
				F019141D21EC9C2B00F43E1D /* Frameworks */,
				F019141E21EC9C2B00F43E1D /* Resources */,
			);
			buildRules = (
			);
			dependencies = (
			);
			name = borooorororo;
			productName = borooorororo;
			productReference = F019142021EC9C2B00F43E1D /* borooorororo.app */;
			productType = "com.apple.product-type.application";
		};
/* End PBXNativeTarget section */

/* Begin PBXProject section */
		F019141821EC9C2A00F43E1D /* Project object */ = {
			isa = PBXProject;
			attributes = {
				LastSwiftUpdateCheck = 1010;
				LastUpgradeCheck = 1010;
				ORGANIZATIONNAME = luissancar;
				TargetAttributes = {
					F019141F21EC9C2B00F43E1D = {
						CreatedOnToolsVersion = 10.1;
					};
				};
			};
			buildConfigurationList = F019141B21EC9C2A00F43E1D /* Build configuration list for PBXProject "borooorororo" */;
			compatibilityVersion = "Xcode 9.3";
			developmentRegion = en;
			hasScannedForEncodings = 0;
			knownRegions = (
				en,
				Base,
			);
			mainGroup = F019141721EC9C2A00F43E1D;
			productRefGroup = F019142121EC9C2B00F43E1D /* Products */;
			projectDirPath = "";
			projectRoot = "";
			targets = (
				F019141F21EC9C2B00F43E1D /* borooorororo */,
			);
		};
/* End PBXProject section */

/* Begin PBXResourcesBuildPhase section */
		F019141E21EC9C2B00F43E1D /* Resources */ = {
			isa = PBXResourcesBuildPhase;
			buildActionMask = 2147483647;
			files = (
				F019142E21EC9C2F00F43E1D /* LaunchScreen.storyboard in Resources */,
				F019142B21EC9C2F00F43E1D /* Assets.xcassets in Resources */,
				F019142921EC9C2B00F43E1D /* Main.storyboard in Resources */,
			);
			runOnlyForDeploymentPostprocessing = 0;
		};
/* End PBXResourcesBuildPhase section */

/* Begin PBXSourcesBuildPhase section */
		F019141C21EC9C2B00F43E1D /* Sources */ = {
			isa = PBXSourcesBuildPhase;
			buildActionMask = 2147483647;
			files = (
				F019142621EC9C2B00F43E1D /* ViewController.swift in Sources */,
				F019142421EC9C2B00F43E1D /* AppDelegate.swift in Sources */,
				F019143621EC9CD700F43E1D /* ViewController2.swift in Sources */,
			);
			runOnlyForDeploymentPostprocessing = 0;
		};
/* End PBXSourcesBuildPhase section */

/* Begin PBXVariantGroup section */
		F019142721EC9C2B00F43E1D /* Main.storyboard */ = {
			isa = PBXVariantGroup;
			children = (
				F019142821EC9C2B00F43E1D /* Base */,
			);
			name = Main.storyboard;
			sourceTree = "<group>";
		};
		F019142C21EC9C2F00F43E1D /* LaunchScreen.storyboard */ = {
			isa = PBXVariantGroup;
			children = (
				F019142D21EC9C2F00F43E1D /* Base */,
			);
			name = LaunchScreen.storyboard;
			sourceTree = "<group>";
		};
/* End PBXVariantGroup section */

/* Begin XCBuildConfiguration section */
		F019143021EC9C2F00F43E1D /* Debug */ = {
			isa = XCBuildConfiguration;
			buildSettings = {
				ALWAYS_SEARCH_USER_PATHS = NO;
				CLANG_ANALYZER_NONNULL = YES;
				CLANG_ANALYZER_NUMBER_OBJECT_CONVERSION = YES_AGGRESSIVE;
				CLANG_CXX_LANGUAGE_STANDARD = "gnu++14";
				CLANG_CXX_LIBRARY = "libc++";
				CLANG_ENABLE_MODULES = YES;
				CLANG_ENABLE_OBJC_ARC = YES;
				CLANG_ENABLE_OBJC_WEAK = YES;
				CLANG_WARN_BLOCK_CAPTURE_AUTORELEASING = YES;
				CLANG_WARN_BOOL_CONVERSION = YES;
				CLANG_WARN_COMMA = YES;
				CLANG_WARN_CONSTANT_CONVERSION = YES;
				CLANG_WARN_DEPRECATED_OBJC_IMPLEMENTATIONS = YES;
				CLANG_WARN_DIRECT_OBJC_ISA_USAGE = YES_ERROR;
				CLANG_WARN_DOCUMENTATION_COMMENTS = YES;
				CLANG_WARN_EMPTY_BODY = YES;
				CLANG_WARN_ENUM_CONVERSION = YES;
				CLANG_WARN_INFINITE_RECURSION = YES;
				CLANG_WARN_INT_CONVERSION = YES;
				CLANG_WARN_NON_LITERAL_NULL_CONVERSION = YES;
				CLANG_WARN_OBJC_IMPLICIT_RETAIN_SELF = YES;
				CLANG_WARN_OBJC_LITERAL_CONVERSION = YES;
				CLANG_WARN_OBJC_ROOT_CLASS = YES_ERROR;
				CLANG_WARN_RANGE_LOOP_ANALYSIS = YES;
				CLANG_WARN_STRICT_PROTOTYPES = YES;
				CLANG_WARN_SUSPICIOUS_MOVE = YES;
				CLANG_WARN_UNGUARDED_AVAILABILITY = YES_AGGRESSIVE;
				CLANG_WARN_UNREACHABLE_CODE = YES;
				CLANG_WARN__DUPLICATE_METHOD_MATCH = YES;
				CODE_SIGN_IDENTITY = "iPhone Developer";
				COPY_PHASE_STRIP = NO;
				DEBUG_INFORMATION_FORMAT = dwarf;
				ENABLE_STRICT_OBJC_MSGSEND = YES;
				ENABLE_TESTABILITY = YES;
				GCC_C_LANGUAGE_STANDARD = gnu11;
				GCC_DYNAMIC_NO_PIC = NO;
				GCC_NO_COMMON_BLOCKS = YES;
				GCC_OPTIMIZATION_LEVEL = 0;
				GCC_PREPROCESSOR_DEFINITIONS = (
					"DEBUG=1",
					"$(inherited)",
				);
				GCC_WARN_64_TO_32_BIT_CONVERSION = YES;
				GCC_WARN_ABOUT_RETURN_TYPE = YES_ERROR;
				GCC_WARN_UNDECLARED_SELECTOR = YES;
				GCC_WARN_UNINITIALIZED_AUTOS = YES_AGGRESSIVE;
				GCC_WARN_UNUSED_FUNCTION = YES;
				GCC_WARN_UNUSED_VARIABLE = YES;
				IPHONEOS_DEPLOYMENT_TARGET = 12.1;
				MTL_ENABLE_DEBUG_INFO = INCLUDE_SOURCE;
				MTL_FAST_MATH = YES;
				ONLY_ACTIVE_ARCH = YES;
				SDKROOT = iphoneos;
				SWIFT_ACTIVE_COMPILATION_CONDITIONS = DEBUG;
				SWIFT_OPTIMIZATION_LEVEL = "-Onone";
			};
			name = Debug;
		};
		F019143121EC9C2F00F43E1D /* Release */ = {
			isa = XCBuildConfiguration;
			buildSettings = {
				ALWAYS_SEARCH_USER_PATHS = NO;
				CLANG_ANALYZER_NONNULL = YES;
				CLANG_ANALYZER_NUMBER_OBJECT_CONVERSION = YES_AGGRESSIVE;
				CLANG_CXX_LANGUAGE_STANDARD = "gnu++14";
				CLANG_CXX_LIBRARY = "libc++";
				CLANG_ENABLE_MODULES = YES;
				CLANG_ENABLE_OBJC_ARC = YES;
				CLANG_ENABLE_OBJC_WEAK = YES;
				CLANG_WARN_BLOCK_CAPTURE_AUTORELEASING = YES;
				CLANG_WARN_BOOL_CONVERSION = YES;
				CLANG_WARN_COMMA = YES;
				CLANG_WARN_CONSTANT_CONVERSION = YES;
				CLANG_WARN_DEPRECATED_OBJC_IMPLEMENTATIONS = YES;
				CLANG_WARN_DIRECT_OBJC_ISA_USAGE = YES_ERROR;
				CLANG_WARN_DOCUMENTATION_COMMENTS = YES;
				CLANG_WARN_EMPTY_BODY = YES;
				CLANG_WARN_ENUM_CONVERSION = YES;
				CLANG_WARN_INFINITE_RECURSION = YES;
				CLANG_WARN_INT_CONVERSION = YES;
				CLANG_WARN_NON_LITERAL_NULL_CONVERSION = YES;
				CLANG_WARN_OBJC_IMPLICIT_RETAIN_SELF = YES;
				CLANG_WARN_OBJC_LITERAL_CONVERSION = YES;
				CLANG_WARN_OBJC_ROOT_CLASS = YES_ERROR;
				CLANG_WARN_RANGE_LOOP_ANALYSIS = YES;
				CLANG_WARN_STRICT_PROTOTYPES = YES;
				CLANG_WARN_SUSPICIOUS_MOVE = YES;
				CLANG_WARN_UNGUARDED_AVAILABILITY = YES_AGGRESSIVE;
				CLANG_WARN_UNREACHABLE_CODE = YES;
				CLANG_WARN__DUPLICATE_METHOD_MATCH = YES;
				CODE_SIGN_IDENTITY = "iPhone Developer";
				COPY_PHASE_STRIP = NO;
				DEBUG_INFORMATION_FORMAT = "dwarf-with-dsym";
				ENABLE_NS_ASSERTIONS = NO;
				ENABLE_STRICT_OBJC_MSGSEND = YES;
				GCC_C_LANGUAGE_STANDARD = gnu11;
				GCC_NO_COMMON_BLOCKS = YES;
				GCC_WARN_64_TO_32_BIT_CONVERSION = YES;
				GCC_WARN_ABOUT_RETURN_TYPE = YES_ERROR;
				GCC_WARN_UNDECLARED_SELECTOR = YES;
				GCC_WARN_UNINITIALIZED_AUTOS = YES_AGGRESSIVE;
				GCC_WARN_UNUSED_FUNCTION = YES;
				GCC_WARN_UNUSED_VARIABLE = YES;
				IPHONEOS_DEPLOYMENT_TARGET = 12.1;
				MTL_ENABLE_DEBUG_INFO = NO;
				MTL_FAST_MATH = YES;
				SDKROOT = iphoneos;
				SWIFT_COMPILATION_MODE = wholemodule;
				SWIFT_OPTIMIZATION_LEVEL = "-O";
				VALIDATE_PRODUCT = YES;
			};
			name = Release;
		};
		F019143321EC9C2F00F43E1D /* Debug */ = {
			isa = XCBuildConfiguration;
			buildSettings = {
				ASSETCATALOG_COMPILER_APPICON_NAME = AppIcon;
				CODE_SIGN_STYLE = Automatic;
				DEVELOPMENT_TEAM = D7ACHR9XMP;
				INFOPLIST_FILE = borooorororo/Info.plist;
				LD_RUNPATH_SEARCH_PATHS = (
					"$(inherited)",
					"@executable_path/Frameworks",
				);
				PRODUCT_BUNDLE_IDENTIFIER = luissancar.borooorororo;
				PRODUCT_NAME = "$(TARGET_NAME)";
				SWIFT_VERSION = 4.2;
				TARGETED_DEVICE_FAMILY = "1,2";
			};
			name = Debug;
		};
		F019143421EC9C2F00F43E1D /* Release */ = {
			isa = XCBuildConfiguration;
			buildSettings = {
				ASSETCATALOG_COMPILER_APPICON_NAME = AppIcon;
				CODE_SIGN_STYLE = Automatic;
				DEVELOPMENT_TEAM = D7ACHR9XMP;
				INFOPLIST_FILE = borooorororo/Info.plist;
				LD_RUNPATH_SEARCH_PATHS = (
					"$(inherited)",
					"@executable_path/Frameworks",
				);
				PRODUCT_BUNDLE_IDENTIFIER = luissancar.borooorororo;
				PRODUCT_NAME = "$(TARGET_NAME)";
				SWIFT_VERSION = 4.2;
				TARGETED_DEVICE_FAMILY = "1,2";
			};
			name = Release;
		};
/* End XCBuildConfiguration section */

/* Begin XCConfigurationList section */
		F019141B21EC9C2A00F43E1D /* Build configuration list for PBXProject "borooorororo" */ = {
			isa = XCConfigurationList;
			buildConfigurations = (
				F019143021EC9C2F00F43E1D /* Debug */,
				F019143121EC9C2F00F43E1D /* Release */,
			);
			defaultConfigurationIsVisible = 0;
			defaultConfigurationName = Release;
		};
		F019143221EC9C2F00F43E1D /* Build configuration list for PBXNativeTarget "borooorororo" */ = {
			isa = XCConfigurationList;
			buildConfigurations = (
				F019143321EC9C2F00F43E1D /* Debug */,
				F019143421EC9C2F00F43E1D /* Release */,
			);
			defaultConfigurationIsVisible = 0;
			defaultConfigurationName = Release;
		};
/* End XCConfigurationList section */
	};
	rootObject = F019141821EC9C2A00F43E1D /* Project object */;
}
